
Microsoft Visual Studio Solution File, Format Version 12.00
# Visual Studio Version 17
VisualStudioVersion = 17.14.36705.20 d17.14
MinimumVisualStudioVersion = 10.0.40219.1
Project("{FAE04EC0-301F-11D3-BF4B-00C04F79EFBC}") = "BancaEnLinea", "BancaEnLinea.csproj", "{576EDDE6-C0FB-0528-53F9-97EDA908EAD5}"
EndProject
Project("{FAE04EC0-301F-11D3-BF4B-00C04F79EFBC}") = "BancaEnLinea_PruebaAutomatizada", "..\BancaEnLinea_PruebaAutomatizada\BancaEnLinea_PruebaAutomatizada.csproj", "{4FA77478-47A7-45FA-BEB0-5E083FF15997}"
EndProject
Global
	GlobalSection(SolutionConfigurationPlatforms) = preSolution
		Debug|Any CPU = Debug|Any CPU
		Release|Any CPU = Release|Any CPU
	EndGlobalSection
	GlobalSection(ProjectConfigurationPlatforms) = postSolution
		{576EDDE6-C0FB-0528-53F9-97EDA908EAD5}.Debug|Any CPU.ActiveCfg = Debug|Any CPU
		{576EDDE6-C0FB-0528-53F9-97EDA908EAD5}.Debug|Any CPU.Build.0 = Debug|Any CPU
		{576EDDE6-C0FB-0528-53F9-97EDA908EAD5}.Release|Any CPU.ActiveCfg = Release|Any CPU
		{576EDDE6-C0FB-0528-53F9-97EDA908EAD5}.Release|Any CPU.Build.0 = Release|Any CPU
		{4FA77478-47A7-45FA-BEB0-5E083FF15997}.Debug|Any CPU.ActiveCfg = Debug|Any CPU
		{4FA77478-47A7-45FA-BEB0-5E083FF15997}.Debug|Any CPU.Build.0 = Debug|Any CPU
		{4FA77478-47A7-45FA-BEB0-5E083FF15997}.Release|Any CPU.ActiveCfg = Release|Any CPU
		{4FA77478-47A7-45FA-BEB0-5E083FF15997}.Release|Any CPU.Build.0 = Release|Any CPU
	EndGlobalSection
	GlobalSection(SolutionProperties) = preSolution
		HideSolutionNode = FALSE
	EndGlobalSection
	GlobalSection(ExtensibilityGlobals) = postSolution
		SolutionGuid = {A28FC6F7-5A14-4284-8218-BE1ECE87DC6D}
	EndGlobalSection
EndGlobal
